
Microsoft Visual Studio Solution File, Format Version 12.00
# Visual Studio Version 17
VisualStudioVersion = 17.3.32819.101
MinimumVisualStudioVersion = 10.0.40219.1
Project("{FAE04EC0-301F-11D3-BF4B-00C04F79EFBC}") = "Shop_Quan_Ao", "Shop_Quan_Ao\Shop_Quan_Ao.csproj", "{BC766F89-934F-432A-8B9A-213830DF7EED}"
EndProject
Global
	GlobalSection(SolutionConfigurationPlatforms) = preSolution
		Debug|Any CPU = Debug|Any CPU
		Release|Any CPU = Release|Any CPU
	EndGlobalSection
	GlobalSection(ProjectConfigurationPlatforms) = postSolution
		{BC766F89-934F-432A-8B9A-213830DF7EED}.Debug|Any CPU.ActiveCfg = Debug|Any CPU
		{BC766F89-934F-432A-8B9A-213830DF7EED}.Debug|Any CPU.Build.0 = Debug|Any CPU
		{BC766F89-934F-432A-8B9A-213830DF7EED}.Release|Any CPU.ActiveCfg = Release|Any CPU
		{BC766F89-934F-432A-8B9A-213830DF7EED}.Release|Any CPU.Build.0 = Release|Any CPU
	EndGlobalSection
	GlobalSection(SolutionProperties) = preSolution
		HideSolutionNode = FALSE
	EndGlobalSection
	GlobalSection(ExtensibilityGlobals) = postSolution
		SolutionGuid = {2D9FB9C8-5B01-4A6D-BA6D-4A970613E154}
	EndGlobalSection
EndGlobal
